// !$*UTF8*$!
{
	archiveVersion = 1;
	classes = {
	};
	objectVersion = 50;
	objects = {

/* Begin PBXBuildFile section */
		CA4E902620C631BA000DBB6B /* AppDelegate.m in Sources */ = {isa = PBXBuildFile; fileRef = CA4E902520C631BA000DBB6B /* AppDelegate.m */; };
		CA4E902920C631BA000DBB6B /* ViewController.m in Sources */ = {isa = PBXBuildFile; fileRef = CA4E902820C631BA000DBB6B /* ViewController.m */; };
		CA4E902C20C631BA000DBB6B /* Main.storyboard in Resources */ = {isa = PBXBuildFile; fileRef = CA4E902A20C631BA000DBB6B /* Main.storyboard */; };
		CA4E902E20C631BD000DBB6B /* Assets.xcassets in Resources */ = {isa = PBXBuildFile; fileRef = CA4E902D20C631BD000DBB6B /* Assets.xcassets */; };
		CA4E903120C631BD000DBB6B /* LaunchScreen.storyboard in Resources */ = {isa = PBXBuildFile; fileRef = CA4E902F20C631BD000DBB6B /* LaunchScreen.storyboard */; };
		CA4E903420C631BD000DBB6B /* main.m in Sources */ = {isa = PBXBuildFile; fileRef = CA4E903320C631BD000DBB6B /* main.m */; };
		CA4E903E20C631BD000DBB6B /* ____Tests.m in Sources */ = {isa = PBXBuildFile; fileRef = CA4E903D20C631BD000DBB6B /* ____Tests.m */; };
		CA4E904920C631BD000DBB6B /* ____UITests.m in Sources */ = {isa = PBXBuildFile; fileRef = CA4E904820C631BD000DBB6B /* ____UITests.m */; };
		CA4E906320C6351B000DBB6B /* 1.jpg in Resources */ = {isa = PBXBuildFile; fileRef = CA4E906020C6351B000DBB6B /* 1.jpg */; };
		CA4E906420C6351B000DBB6B /* 3.jpg in Resources */ = {isa = PBXBuildFile; fileRef = CA4E906120C6351B000DBB6B /* 3.jpg */; };
		CA4E906520C6351B000DBB6B /* 2.jpg in Resources */ = {isa = PBXBuildFile; fileRef = CA4E906220C6351B000DBB6B /* 2.jpg */; };
		CADB454720C66B8100B9E36D /* CustomSlideView.m in Sources */ = {isa = PBXBuildFile; fileRef = CADB454120C66B8100B9E36D /* CustomSlideView.m */; };
		CADB454820C66B8100B9E36D /* CardViewController.m in Sources */ = {isa = PBXBuildFile; fileRef = CADB454420C66B8100B9E36D /* CardViewController.m */; };
		CADB454920C66B8100B9E36D /* CardView.m in Sources */ = {isa = PBXBuildFile; fileRef = CADB454620C66B8100B9E36D /* CardView.m */; };
		CADB454D20C6705300B9E36D /* SlideVC.m in Sources */ = {isa = PBXBuildFile; fileRef = CADB454C20C6705300B9E36D /* SlideVC.m */; };
		CADB455020C6726F00B9E36D /* UIView_extra.m in Sources */ = {isa = PBXBuildFile; fileRef = CADB454E20C6726F00B9E36D /* UIView_extra.m */; };
		FE9F0E1F2507336000D0A62A /* area.json in Resources */ = {isa = PBXBuildFile; fileRef = FE9F0E1E2507336000D0A62A /* area.json */; };
		FE9F0E3D2507341600D0A62A /* CityModel.m in Sources */ = {isa = PBXBuildFile; fileRef = FE9F0E232507341600D0A62A /* CityModel.m */; };
		FE9F0E3E2507341600D0A62A /* AddressCell.xib in Resources */ = {isa = PBXBuildFile; fileRef = FE9F0E252507341600D0A62A /* AddressCell.xib */; };
		FE9F0E3F2507341600D0A62A /* AddressCell.m in Sources */ = {isa = PBXBuildFile; fileRef = FE9F0E262507341600D0A62A /* AddressCell.m */; };
		FE9F0E402507341600D0A62A /* AddressListView.m in Sources */ = {isa = PBXBuildFile; fileRef = FE9F0E272507341600D0A62A /* AddressListView.m */; };
		FE9F0E412507341600D0A62A /* AddressPickerView.m in Sources */ = {isa = PBXBuildFile; fileRef = FE9F0E292507341600D0A62A /* AddressPickerView.m */; };
		FE9F0E422507341600D0A62A /* CityViewController.xib in Resources */ = {isa = PBXBuildFile; fileRef = FE9F0E2E2507341600D0A62A /* CityViewController.xib */; };
		FE9F0E432507341600D0A62A /* ResultCityController.m in Sources */ = {isa = PBXBuildFile; fileRef = FE9F0E2F2507341600D0A62A /* ResultCityController.m */; };
		FE9F0E442507341600D0A62A /* CityViewController.m in Sources */ = {isa = PBXBuildFile; fileRef = FE9F0E302507341600D0A62A /* CityViewController.m */; };
		FE9F0E452507341600D0A62A /* CityTableViewCell.m in Sources */ = {isa = PBXBuildFile; fileRef = FE9F0E322507341600D0A62A /* CityTableViewCell.m */; };
		FE9F0E462507341600D0A62A /* CustomSearchView.m in Sources */ = {isa = PBXBuildFile; fileRef = FE9F0E352507341600D0A62A /* CustomSearchView.m */; };
		FE9F0E472507341600D0A62A /* CustomSlideView.m in Sources */ = {isa = PBXBuildFile; fileRef = FE9F0E372507341600D0A62A /* CustomSlideView.m */; };
		FE9F0E482507341600D0A62A /* CardViewController.m in Sources */ = {isa = PBXBuildFile; fileRef = FE9F0E3A2507341600D0A62A /* CardViewController.m */; };
		FE9F0E492507341600D0A62A /* CardView.m in Sources */ = {isa = PBXBuildFile; fileRef = FE9F0E3C2507341600D0A62A /* CardView.m */; };
		FE9F0E7E2507343400D0A62A /* SystemLocationTool.m in Sources */ = {isa = PBXBuildFile; fileRef = FE9F0E4B2507343400D0A62A /* SystemLocationTool.m */; };
		FE9F0E7F2507343400D0A62A /* UIView+Frame.m in Sources */ = {isa = PBXBuildFile; fileRef = FE9F0E4E2507343400D0A62A /* UIView+Frame.m */; };
		FE9F0E802507343400D0A62A /* UIButton+Category.m in Sources */ = {isa = PBXBuildFile; fileRef = FE9F0E4F2507343400D0A62A /* UIButton+Category.m */; };
		FE9F0E812507343400D0A62A /* NSLayoutConstraint+MASDebugAdditions.m in Sources */ = {isa = PBXBuildFile; fileRef = FE9F0E522507343400D0A62A /* NSLayoutConstraint+MASDebugAdditions.m */; };
		FE9F0E822507343400D0A62A /* MMLabel.m in Sources */ = {isa = PBXBuildFile; fileRef = FE9F0E572507343400D0A62A /* MMLabel.m */; };
		FE9F0E832507343400D0A62A /* ViewController+MASAdditions.m in Sources */ = {isa = PBXBuildFile; fileRef = FE9F0E5D2507343400D0A62A /* ViewController+MASAdditions.m */; };
		FE9F0E842507343400D0A62A /* MASCompositeConstraint.m in Sources */ = {isa = PBXBuildFile; fileRef = FE9F0E612507343400D0A62A /* MASCompositeConstraint.m */; };
		FE9F0E852507343400D0A62A /* MASConstraintMaker.m in Sources */ = {isa = PBXBuildFile; fileRef = FE9F0E622507343400D0A62A /* MASConstraintMaker.m */; };
		FE9F0E862507343400D0A62A /* MASLayoutConstraint.m in Sources */ = {isa = PBXBuildFile; fileRef = FE9F0E632507343400D0A62A /* MASLayoutConstraint.m */; };
		FE9F0E872507343400D0A62A /* NSArray+MASAdditions.m in Sources */ = {isa = PBXBuildFile; fileRef = FE9F0E642507343400D0A62A /* NSArray+MASAdditions.m */; };
		FE9F0E882507343400D0A62A /* View+MASAdditions.m in Sources */ = {isa = PBXBuildFile; fileRef = FE9F0E652507343400D0A62A /* View+MASAdditions.m */; };
		FE9F0E892507343400D0A62A /* myView.m in Sources */ = {isa = PBXBuildFile; fileRef = FE9F0E672507343400D0A62A /* myView.m */; };
		FE9F0E8A2507343400D0A62A /* MASConstraint.m in Sources */ = {isa = PBXBuildFile; fileRef = FE9F0E6A2507343400D0A62A /* MASConstraint.m */; };
		FE9F0E8B2507343400D0A62A /* MASViewConstraint.m in Sources */ = {isa = PBXBuildFile; fileRef = FE9F0E6C2507343400D0A62A /* MASViewConstraint.m */; };
		FE9F0E8C2507343400D0A62A /* MASViewAttribute.m in Sources */ = {isa = PBXBuildFile; fileRef = FE9F0E6D2507343400D0A62A /* MASViewAttribute.m */; };
		FE9F0E8E2507343400D0A62A /* NSObject+YYModel.m in Sources */ = {isa = PBXBuildFile; fileRef = FE9F0E742507343400D0A62A /* NSObject+YYModel.m */; };
		FE9F0E8F2507343400D0A62A /* YYClassInfo.m in Sources */ = {isa = PBXBuildFile; fileRef = FE9F0E752507343400D0A62A /* YYClassInfo.m */; };
		FE9F0E902507343400D0A62A /* BMChineseSort.m in Sources */ = {isa = PBXBuildFile; fileRef = FE9F0E782507343400D0A62A /* BMChineseSort.m */; };
		FE9F0E912507343400D0A62A /* NSString+Size.m in Sources */ = {isa = PBXBuildFile; fileRef = FE9F0E7C2507343400D0A62A /* NSString+Size.m */; };
		FE9F0E922507343400D0A62A /* UIColor+HexString.m in Sources */ = {isa = PBXBuildFile; fileRef = FE9F0E7D2507343400D0A62A /* UIColor+HexString.m */; };
		FE9F0EAE250753B300D0A62A /* FoldCityViewController.xib in Resources */ = {isa = PBXBuildFile; fileRef = FE9F0E96250753B300D0A62A /* FoldCityViewController.xib */; };
		FE9F0EAF250753B300D0A62A /* FoldCityViewController.m in Sources */ = {isa = PBXBuildFile; fileRef = FE9F0E97250753B300D0A62A /* FoldCityViewController.m */; };
		FE9F0EB0250753B300D0A62A /* SecondData.m in Sources */ = {isa = PBXBuildFile; fileRef = FE9F0E9A250753B300D0A62A /* SecondData.m */; };
		FE9F0EB1250753B300D0A62A /* indexTitlesTableViewCell.xib in Resources */ = {isa = PBXBuildFile; fileRef = FE9F0E9C250753B300D0A62A /* indexTitlesTableViewCell.xib */; };
		FE9F0EB2250753B300D0A62A /* CityCollectionViewCell.m in Sources */ = {isa = PBXBuildFile; fileRef = FE9F0E9E250753B300D0A62A /* CityCollectionViewCell.m */; };
		FE9F0EB3250753B300D0A62A /* SCIndexViewConfiguration.m in Sources */ = {isa = PBXBuildFile; fileRef = FE9F0EA2250753B300D0A62A /* SCIndexViewConfiguration.m */; };
		FE9F0EB4250753B300D0A62A /* SCIndexView.m in Sources */ = {isa = PBXBuildFile; fileRef = FE9F0EA4250753B300D0A62A /* SCIndexView.m */; };
		FE9F0EB5250753B300D0A62A /* UITableView+SCIndexView.m in Sources */ = {isa = PBXBuildFile; fileRef = FE9F0EA6250753B300D0A62A /* UITableView+SCIndexView.m */; };
		FE9F0EB6250753B300D0A62A /* FoldCityTableViewCell.xib in Resources */ = {isa = PBXBuildFile; fileRef = FE9F0EA9250753B300D0A62A /* FoldCityTableViewCell.xib */; };
		FE9F0EB7250753B300D0A62A /* CityCollectionViewFlowLayout.m in Sources */ = {isa = PBXBuildFile; fileRef = FE9F0EAA250753B300D0A62A /* CityCollectionViewFlowLayout.m */; };
		FE9F0EB8250753B300D0A62A /* CityCollectionViewCell.xib in Resources */ = {isa = PBXBuildFile; fileRef = FE9F0EAB250753B300D0A62A /* CityCollectionViewCell.xib */; };
		FE9F0EB9250753B300D0A62A /* FoldCityTableViewCell.m in Sources */ = {isa = PBXBuildFile; fileRef = FE9F0EAC250753B300D0A62A /* FoldCityTableViewCell.m */; };
		FE9F0EBA250753B300D0A62A /* indexTitlesTableViewCell.m in Sources */ = {isa = PBXBuildFile; fileRef = FE9F0EAD250753B300D0A62A /* indexTitlesTableViewCell.m */; };
/* End PBXBuildFile section */

/* Begin PBXContainerItemProxy section */
		CA4E903A20C631BD000DBB6B /* PBXContainerItemProxy */ = {
			isa = PBXContainerItemProxy;
			containerPortal = CA4E901920C631BA000DBB6B /* Project object */;
			proxyType = 1;
			remoteGlobalIDString = CA4E902020C631BA000DBB6B;
			remoteInfo = "卡片效果";
		};
		CA4E904520C631BD000DBB6B /* PBXContainerItemProxy */ = {
			isa = PBXContainerItemProxy;
			containerPortal = CA4E901920C631BA000DBB6B /* Project object */;
			proxyType = 1;
			remoteGlobalIDString = CA4E902020C631BA000DBB6B;
			remoteInfo = "卡片效果";
		};
/* End PBXContainerItemProxy section */

/* Begin PBXFileReference section */
		CA4E902120C631BA000DBB6B /* 卡片效果.app */ = {isa = PBXFileReference; explicitFileType = wrapper.application; includeInIndex = 0; path = "卡片效果.app"; sourceTree = BUILT_PRODUCTS_DIR; };
		CA4E902420C631BA000DBB6B /* AppDelegate.h */ = {isa = PBXFileReference; lastKnownFileType = sourcecode.c.h; path = AppDelegate.h; sourceTree = "<group>"; };
		CA4E902520C631BA000DBB6B /* AppDelegate.m */ = {isa = PBXFileReference; lastKnownFileType = sourcecode.c.objc; path = AppDelegate.m; sourceTree = "<group>"; };
		CA4E902720C631BA000DBB6B /* ViewController.h */ = {isa = PBXFileReference; lastKnownFileType = sourcecode.c.h; path = ViewController.h; sourceTree = "<group>"; };
		CA4E902820C631BA000DBB6B /* ViewController.m */ = {isa = PBXFileReference; lastKnownFileType = sourcecode.c.objc; path = ViewController.m; sourceTree = "<group>"; };
		CA4E902B20C631BA000DBB6B /* Base */ = {isa = PBXFileReference; lastKnownFileType = file.storyboard; name = Base; path = Base.lproj/Main.storyboard; sourceTree = "<group>"; };
		CA4E902D20C631BD000DBB6B /* Assets.xcassets */ = {isa = PBXFileReference; lastKnownFileType = folder.assetcatalog; path = Assets.xcassets; sourceTree = "<group>"; };
		CA4E903020C631BD000DBB6B /* Base */ = {isa = PBXFileReference; lastKnownFileType = file.storyboard; name = Base; path = Base.lproj/LaunchScreen.storyboard; sourceTree = "<group>"; };
		CA4E903320C631BD000DBB6B /* main.m */ = {isa = PBXFileReference; lastKnownFileType = sourcecode.c.objc; path = main.m; sourceTree = "<group>"; };
		CA4E903920C631BD000DBB6B /* 卡片效果Tests.xctest */ = {isa = PBXFileReference; explicitFileType = wrapper.cfbundle; includeInIndex = 0; path = "卡片效果Tests.xctest"; sourceTree = BUILT_PRODUCTS_DIR; };
		CA4E903D20C631BD000DBB6B /* ____Tests.m */ = {isa = PBXFileReference; lastKnownFileType = sourcecode.c.objc; path = "____Tests.m"; sourceTree = "<group>"; };
		CA4E903F20C631BD000DBB6B /* Info.plist */ = {isa = PBXFileReference; lastKnownFileType = text.plist.xml; path = Info.plist; sourceTree = "<group>"; };
		CA4E904420C631BD000DBB6B /* 卡片效果UITests.xctest */ = {isa = PBXFileReference; explicitFileType = wrapper.cfbundle; includeInIndex = 0; path = "卡片效果UITests.xctest"; sourceTree = BUILT_PRODUCTS_DIR; };
		CA4E904820C631BD000DBB6B /* ____UITests.m */ = {isa = PBXFileReference; lastKnownFileType = sourcecode.c.objc; path = "____UITests.m"; sourceTree = "<group>"; };
		CA4E904A20C631BD000DBB6B /* Info.plist */ = {isa = PBXFileReference; lastKnownFileType = text.plist.xml; path = Info.plist; sourceTree = "<group>"; };
		CA4E906020C6351B000DBB6B /* 1.jpg */ = {isa = PBXFileReference; lastKnownFileType = image.jpeg; path = 1.jpg; sourceTree = "<group>"; };
		CA4E906120C6351B000DBB6B /* 3.jpg */ = {isa = PBXFileReference; lastKnownFileType = image.jpeg; path = 3.jpg; sourceTree = "<group>"; };
		CA4E906220C6351B000DBB6B /* 2.jpg */ = {isa = PBXFileReference; lastKnownFileType = image.jpeg; path = 2.jpg; sourceTree = "<group>"; };
		CADB454120C66B8100B9E36D /* CustomSlideView.m */ = {isa = PBXFileReference; fileEncoding = 4; lastKnownFileType = sourcecode.c.objc; path = CustomSlideView.m; sourceTree = "<group>"; };
		CADB454220C66B8100B9E36D /* CardViewController.h */ = {isa = PBXFileReference; fileEncoding = 4; lastKnownFileType = sourcecode.c.h; path = CardViewController.h; sourceTree = "<group>"; };
		CADB454320C66B8100B9E36D /* CardView.h */ = {isa = PBXFileReference; fileEncoding = 4; lastKnownFileType = sourcecode.c.h; path = CardView.h; sourceTree = "<group>"; };
		CADB454420C66B8100B9E36D /* CardViewController.m */ = {isa = PBXFileReference; fileEncoding = 4; lastKnownFileType = sourcecode.c.objc; path = CardViewController.m; sourceTree = "<group>"; };
		CADB454520C66B8100B9E36D /* CustomSlideView.h */ = {isa = PBXFileReference; fileEncoding = 4; lastKnownFileType = sourcecode.c.h; path = CustomSlideView.h; sourceTree = "<group>"; };
		CADB454620C66B8100B9E36D /* CardView.m */ = {isa = PBXFileReference; fileEncoding = 4; lastKnownFileType = sourcecode.c.objc; path = CardView.m; sourceTree = "<group>"; };
		CADB454B20C6705300B9E36D /* SlideVC.h */ = {isa = PBXFileReference; lastKnownFileType = sourcecode.c.h; path = SlideVC.h; sourceTree = "<group>"; };
		CADB454C20C6705300B9E36D /* SlideVC.m */ = {isa = PBXFileReference; lastKnownFileType = sourcecode.c.objc; path = SlideVC.m; sourceTree = "<group>"; };
		CADB454E20C6726F00B9E36D /* UIView_extra.m */ = {isa = PBXFileReference; fileEncoding = 4; lastKnownFileType = sourcecode.c.objc; path = UIView_extra.m; sourceTree = "<group>"; };
		CADB454F20C6726F00B9E36D /* UIView_extra.h */ = {isa = PBXFileReference; fileEncoding = 4; lastKnownFileType = sourcecode.c.h; path = UIView_extra.h; sourceTree = "<group>"; };
		FE9F0E1E2507336000D0A62A /* area.json */ = {isa = PBXFileReference; fileEncoding = 4; lastKnownFileType = text.json; path = area.json; sourceTree = "<group>"; };
		FE9F0E212507341600D0A62A /* AddressCell.h */ = {isa = PBXFileReference; fileEncoding = 4; lastKnownFileType = sourcecode.c.h; path = AddressCell.h; sourceTree = "<group>"; };
		FE9F0E222507341600D0A62A /* AddressListView.h */ = {isa = PBXFileReference; fileEncoding = 4; lastKnownFileType = sourcecode.c.h; path = AddressListView.h; sourceTree = "<group>"; };
		FE9F0E232507341600D0A62A /* CityModel.m */ = {isa = PBXFileReference; fileEncoding = 4; lastKnownFileType = sourcecode.c.objc; path = CityModel.m; sourceTree = "<group>"; };
		FE9F0E242507341600D0A62A /* AddressPickerView.h */ = {isa = PBXFileReference; fileEncoding = 4; lastKnownFileType = sourcecode.c.h; path = AddressPickerView.h; sourceTree = "<group>"; };
		FE9F0E252507341600D0A62A /* AddressCell.xib */ = {isa = PBXFileReference; fileEncoding = 4; lastKnownFileType = file.xib; path = AddressCell.xib; sourceTree = "<group>"; };
		FE9F0E262507341600D0A62A /* AddressCell.m */ = {isa = PBXFileReference; fileEncoding = 4; lastKnownFileType = sourcecode.c.objc; path = AddressCell.m; sourceTree = "<group>"; };
		FE9F0E272507341600D0A62A /* AddressListView.m */ = {isa = PBXFileReference; fileEncoding = 4; lastKnownFileType = sourcecode.c.objc; path = AddressListView.m; sourceTree = "<group>"; };
		FE9F0E282507341600D0A62A /* CityModel.h */ = {isa = PBXFileReference; fileEncoding = 4; lastKnownFileType = sourcecode.c.h; path = CityModel.h; sourceTree = "<group>"; };
		FE9F0E292507341600D0A62A /* AddressPickerView.m */ = {isa = PBXFileReference; fileEncoding = 4; lastKnownFileType = sourcecode.c.objc; path = AddressPickerView.m; sourceTree = "<group>"; };
		FE9F0E2C2507341600D0A62A /* CityViewController.h */ = {isa = PBXFileReference; fileEncoding = 4; lastKnownFileType = sourcecode.c.h; path = CityViewController.h; sourceTree = "<group>"; };
		FE9F0E2D2507341600D0A62A /* ResultCityController.h */ = {isa = PBXFileReference; fileEncoding = 4; lastKnownFileType = sourcecode.c.h; path = ResultCityController.h; sourceTree = "<group>"; };
		FE9F0E2E2507341600D0A62A /* CityViewController.xib */ = {isa = PBXFileReference; fileEncoding = 4; lastKnownFileType = file.xib; path = CityViewController.xib; sourceTree = "<group>"; };
		FE9F0E2F2507341600D0A62A /* ResultCityController.m */ = {isa = PBXFileReference; fileEncoding = 4; lastKnownFileType = sourcecode.c.objc; path = ResultCityController.m; sourceTree = "<group>"; };
		FE9F0E302507341600D0A62A /* CityViewController.m */ = {isa = PBXFileReference; fileEncoding = 4; lastKnownFileType = sourcecode.c.objc; path = CityViewController.m; sourceTree = "<group>"; };
		FE9F0E322507341600D0A62A /* CityTableViewCell.m */ = {isa = PBXFileReference; fileEncoding = 4; lastKnownFileType = sourcecode.c.objc; path = CityTableViewCell.m; sourceTree = "<group>"; };
		FE9F0E332507341600D0A62A /* CustomSearchView.h */ = {isa = PBXFileReference; fileEncoding = 4; lastKnownFileType = sourcecode.c.h; path = CustomSearchView.h; sourceTree = "<group>"; };
		FE9F0E342507341600D0A62A /* CityTableViewCell.h */ = {isa = PBXFileReference; fileEncoding = 4; lastKnownFileType = sourcecode.c.h; path = CityTableViewCell.h; sourceTree = "<group>"; };
		FE9F0E352507341600D0A62A /* CustomSearchView.m */ = {isa = PBXFileReference; fileEncoding = 4; lastKnownFileType = sourcecode.c.objc; path = CustomSearchView.m; sourceTree = "<group>"; };
		FE9F0E372507341600D0A62A /* CustomSlideView.m */ = {isa = PBXFileReference; fileEncoding = 4; lastKnownFileType = sourcecode.c.objc; path = CustomSlideView.m; sourceTree = "<group>"; };
		FE9F0E382507341600D0A62A /* CardViewController.h */ = {isa = PBXFileReference; fileEncoding = 4; lastKnownFileType = sourcecode.c.h; path = CardViewController.h; sourceTree = "<group>"; };
		FE9F0E392507341600D0A62A /* CardView.h */ = {isa = PBXFileReference; fileEncoding = 4; lastKnownFileType = sourcecode.c.h; path = CardView.h; sourceTree = "<group>"; };
		FE9F0E3A2507341600D0A62A /* CardViewController.m */ = {isa = PBXFileReference; fileEncoding = 4; lastKnownFileType = sourcecode.c.objc; path = CardViewController.m; sourceTree = "<group>"; };
		FE9F0E3B2507341600D0A62A /* CustomSlideView.h */ = {isa = PBXFileReference; fileEncoding = 4; lastKnownFileType = sourcecode.c.h; path = CustomSlideView.h; sourceTree = "<group>"; };
		FE9F0E3C2507341600D0A62A /* CardView.m */ = {isa = PBXFileReference; fileEncoding = 4; lastKnownFileType = sourcecode.c.objc; path = CardView.m; sourceTree = "<group>"; };
		FE9F0E4B2507343400D0A62A /* SystemLocationTool.m */ = {isa = PBXFileReference; fileEncoding = 4; lastKnownFileType = sourcecode.c.objc; path = SystemLocationTool.m; sourceTree = "<group>"; };
		FE9F0E4C2507343400D0A62A /* Header.h */ = {isa = PBXFileReference; fileEncoding = 4; lastKnownFileType = sourcecode.c.h; path = Header.h; sourceTree = "<group>"; };
		FE9F0E4D2507343400D0A62A /* BMChineseSort.h */ = {isa = PBXFileReference; fileEncoding = 4; lastKnownFileType = sourcecode.c.h; path = BMChineseSort.h; sourceTree = "<group>"; };
		FE9F0E4E2507343400D0A62A /* UIView+Frame.m */ = {isa = PBXFileReference; fileEncoding = 4; lastKnownFileType = sourcecode.c.objc; path = "UIView+Frame.m"; sourceTree = "<group>"; };
		FE9F0E4F2507343400D0A62A /* UIButton+Category.m */ = {isa = PBXFileReference; fileEncoding = 4; lastKnownFileType = sourcecode.c.objc; path = "UIButton+Category.m"; sourceTree = "<group>"; };
		FE9F0E512507343400D0A62A /* MASCompositeConstraint.h */ = {isa = PBXFileReference; fileEncoding = 4; lastKnownFileType = sourcecode.c.h; path = MASCompositeConstraint.h; sourceTree = "<group>"; };
		FE9F0E522507343400D0A62A /* NSLayoutConstraint+MASDebugAdditions.m */ = {isa = PBXFileReference; fileEncoding = 4; lastKnownFileType = sourcecode.c.objc; path = "NSLayoutConstraint+MASDebugAdditions.m"; sourceTree = "<group>"; };
		FE9F0E532507343400D0A62A /* MASConstraint+Private.h */ = {isa = PBXFileReference; fileEncoding = 4; lastKnownFileType = sourcecode.c.h; path = "MASConstraint+Private.h"; sourceTree = "<group>"; };
		FE9F0E542507343400D0A62A /* MASLayoutConstraint.h */ = {isa = PBXFileReference; fileEncoding = 4; lastKnownFileType = sourcecode.c.h; path = MASLayoutConstraint.h; sourceTree = "<group>"; };
		FE9F0E552507343400D0A62A /* NSArray+MASShorthandAdditions.h */ = {isa = PBXFileReference; fileEncoding = 4; lastKnownFileType = sourcecode.c.h; path = "NSArray+MASShorthandAdditions.h"; sourceTree = "<group>"; };
		FE9F0E562507343400D0A62A /* MASConstraintMaker.h */ = {isa = PBXFileReference; fileEncoding = 4; lastKnownFileType = sourcecode.c.h; path = MASConstraintMaker.h; sourceTree = "<group>"; };
		FE9F0E572507343400D0A62A /* MMLabel.m */ = {isa = PBXFileReference; fileEncoding = 4; lastKnownFileType = sourcecode.c.objc; path = MMLabel.m; sourceTree = "<group>"; };
		FE9F0E582507343400D0A62A /* myView.h */ = {isa = PBXFileReference; fileEncoding = 4; lastKnownFileType = sourcecode.c.h; path = myView.h; sourceTree = "<group>"; };
		FE9F0E592507343400D0A62A /* View+MASAdditions.h */ = {isa = PBXFileReference; fileEncoding = 4; lastKnownFileType = sourcecode.c.h; path = "View+MASAdditions.h"; sourceTree = "<group>"; };
		FE9F0E5A2507343400D0A62A /* NSArray+MASAdditions.h */ = {isa = PBXFileReference; fileEncoding = 4; lastKnownFileType = sourcecode.c.h; path = "NSArray+MASAdditions.h"; sourceTree = "<group>"; };
		FE9F0E5B2507343400D0A62A /* MASUtilities.h */ = {isa = PBXFileReference; fileEncoding = 4; lastKnownFileType = sourcecode.c.h; path = MASUtilities.h; sourceTree = "<group>"; };
		FE9F0E5C2507343400D0A62A /* MASViewAttribute.h */ = {isa = PBXFileReference; fileEncoding = 4; lastKnownFileType = sourcecode.c.h; path = MASViewAttribute.h; sourceTree = "<group>"; };
		FE9F0E5D2507343400D0A62A /* ViewController+MASAdditions.m */ = {isa = PBXFileReference; fileEncoding = 4; lastKnownFileType = sourcecode.c.objc; path = "ViewController+MASAdditions.m"; sourceTree = "<group>"; };
		FE9F0E5E2507343400D0A62A /* MASViewConstraint.h */ = {isa = PBXFileReference; fileEncoding = 4; lastKnownFileType = sourcecode.c.h; path = MASViewConstraint.h; sourceTree = "<group>"; };
		FE9F0E5F2507343400D0A62A /* MASConstraint.h */ = {isa = PBXFileReference; fileEncoding = 4; lastKnownFileType = sourcecode.c.h; path = MASConstraint.h; sourceTree = "<group>"; };
		FE9F0E602507343400D0A62A /* NSLayoutConstraint+MASDebugAdditions.h */ = {isa = PBXFileReference; fileEncoding = 4; lastKnownFileType = sourcecode.c.h; path = "NSLayoutConstraint+MASDebugAdditions.h"; sourceTree = "<group>"; };
		FE9F0E612507343400D0A62A /* MASCompositeConstraint.m */ = {isa = PBXFileReference; fileEncoding = 4; lastKnownFileType = sourcecode.c.objc; path = MASCompositeConstraint.m; sourceTree = "<group>"; };
		FE9F0E622507343400D0A62A /* MASConstraintMaker.m */ = {isa = PBXFileReference; fileEncoding = 4; lastKnownFileType = sourcecode.c.objc; path = MASConstraintMaker.m; sourceTree = "<group>"; };
		FE9F0E632507343400D0A62A /* MASLayoutConstraint.m */ = {isa = PBXFileReference; fileEncoding = 4; lastKnownFileType = sourcecode.c.objc; path = MASLayoutConstraint.m; sourceTree = "<group>"; };
		FE9F0E642507343400D0A62A /* NSArray+MASAdditions.m */ = {isa = PBXFileReference; fileEncoding = 4; lastKnownFileType = sourcecode.c.objc; path = "NSArray+MASAdditions.m"; sourceTree = "<group>"; };
		FE9F0E652507343400D0A62A /* View+MASAdditions.m */ = {isa = PBXFileReference; fileEncoding = 4; lastKnownFileType = sourcecode.c.objc; path = "View+MASAdditions.m"; sourceTree = "<group>"; };
		FE9F0E662507343400D0A62A /* View+MASShorthandAdditions.h */ = {isa = PBXFileReference; fileEncoding = 4; lastKnownFileType = sourcecode.c.h; path = "View+MASShorthandAdditions.h"; sourceTree = "<group>"; };
		FE9F0E672507343400D0A62A /* myView.m */ = {isa = PBXFileReference; fileEncoding = 4; lastKnownFileType = sourcecode.c.objc; path = myView.m; sourceTree = "<group>"; };
		FE9F0E682507343400D0A62A /* Masonry.h */ = {isa = PBXFileReference; fileEncoding = 4; lastKnownFileType = sourcecode.c.h; path = Masonry.h; sourceTree = "<group>"; };
		FE9F0E692507343400D0A62A /* MMLabel.h */ = {isa = PBXFileReference; fileEncoding = 4; lastKnownFileType = sourcecode.c.h; path = MMLabel.h; sourceTree = "<group>"; };
		FE9F0E6A2507343400D0A62A /* MASConstraint.m */ = {isa = PBXFileReference; fileEncoding = 4; lastKnownFileType = sourcecode.c.objc; path = MASConstraint.m; sourceTree = "<group>"; };
		FE9F0E6B2507343400D0A62A /* ViewController+MASAdditions.h */ = {isa = PBXFileReference; fileEncoding = 4; lastKnownFileType = sourcecode.c.h; path = "ViewController+MASAdditions.h"; sourceTree = "<group>"; };
		FE9F0E6C2507343400D0A62A /* MASViewConstraint.m */ = {isa = PBXFileReference; fileEncoding = 4; lastKnownFileType = sourcecode.c.objc; path = MASViewConstraint.m; sourceTree = "<group>"; };
		FE9F0E6D2507343400D0A62A /* MASViewAttribute.m */ = {isa = PBXFileReference; fileEncoding = 4; lastKnownFileType = sourcecode.c.objc; path = MASViewAttribute.m; sourceTree = "<group>"; };
		FE9F0E6F2507343400D0A62A /* UIColor+HexString.h */ = {isa = PBXFileReference; fileEncoding = 4; lastKnownFileType = sourcecode.c.h; path = "UIColor+HexString.h"; sourceTree = "<group>"; };
		FE9F0E702507343400D0A62A /* NSString+Size.h */ = {isa = PBXFileReference; fileEncoding = 4; lastKnownFileType = sourcecode.c.h; path = "NSString+Size.h"; sourceTree = "<group>"; };
		FE9F0E722507343400D0A62A /* YYClassInfo.h */ = {isa = PBXFileReference; fileEncoding = 4; lastKnownFileType = sourcecode.c.h; path = YYClassInfo.h; sourceTree = "<group>"; };
		FE9F0E732507343400D0A62A /* YYModel.h */ = {isa = PBXFileReference; fileEncoding = 4; lastKnownFileType = sourcecode.c.h; path = YYModel.h; sourceTree = "<group>"; };
		FE9F0E742507343400D0A62A /* NSObject+YYModel.m */ = {isa = PBXFileReference; fileEncoding = 4; lastKnownFileType = sourcecode.c.objc; path = "NSObject+YYModel.m"; sourceTree = "<group>"; };
		FE9F0E752507343400D0A62A /* YYClassInfo.m */ = {isa = PBXFileReference; fileEncoding = 4; lastKnownFileType = sourcecode.c.objc; path = YYClassInfo.m; sourceTree = "<group>"; };
		FE9F0E762507343400D0A62A /* NSObject+YYModel.h */ = {isa = PBXFileReference; fileEncoding = 4; lastKnownFileType = sourcecode.c.h; path = "NSObject+YYModel.h"; sourceTree = "<group>"; };
		FE9F0E772507343400D0A62A /* SystemLocationTool.h */ = {isa = PBXFileReference; fileEncoding = 4; lastKnownFileType = sourcecode.c.h; path = SystemLocationTool.h; sourceTree = "<group>"; };
		FE9F0E782507343400D0A62A /* BMChineseSort.m */ = {isa = PBXFileReference; fileEncoding = 4; lastKnownFileType = sourcecode.c.objc; path = BMChineseSort.m; sourceTree = "<group>"; };
		FE9F0E792507343400D0A62A /* UIButton+Category.h */ = {isa = PBXFileReference; fileEncoding = 4; lastKnownFileType = sourcecode.c.h; path = "UIButton+Category.h"; sourceTree = "<group>"; };
		FE9F0E7A2507343400D0A62A /* PrefixHeader.pch */ = {isa = PBXFileReference; fileEncoding = 4; lastKnownFileType = sourcecode.c.h; path = PrefixHeader.pch; sourceTree = "<group>"; };
		FE9F0E7B2507343400D0A62A /* UIView+Frame.h */ = {isa = PBXFileReference; fileEncoding = 4; lastKnownFileType = sourcecode.c.h; path = "UIView+Frame.h"; sourceTree = "<group>"; };
		FE9F0E7C2507343400D0A62A /* NSString+Size.m */ = {isa = PBXFileReference; fileEncoding = 4; lastKnownFileType = sourcecode.c.objc; path = "NSString+Size.m"; sourceTree = "<group>"; };
		FE9F0E7D2507343400D0A62A /* UIColor+HexString.m */ = {isa = PBXFileReference; fileEncoding = 4; lastKnownFileType = sourcecode.c.objc; path = "UIColor+HexString.m"; sourceTree = "<group>"; };
		FE9F0E95250753B300D0A62A /* FoldCityViewController.h */ = {isa = PBXFileReference; fileEncoding = 4; lastKnownFileType = sourcecode.c.h; path = FoldCityViewController.h; sourceTree = "<group>"; };
		FE9F0E96250753B300D0A62A /* FoldCityViewController.xib */ = {isa = PBXFileReference; fileEncoding = 4; lastKnownFileType = file.xib; path = FoldCityViewController.xib; sourceTree = "<group>"; };
		FE9F0E97250753B300D0A62A /* FoldCityViewController.m */ = {isa = PBXFileReference; fileEncoding = 4; lastKnownFileType = sourcecode.c.objc; path = FoldCityViewController.m; sourceTree = "<group>"; };
		FE9F0E99250753B300D0A62A /* SecondData.h */ = {isa = PBXFileReference; fileEncoding = 4; lastKnownFileType = sourcecode.c.h; path = SecondData.h; sourceTree = "<group>"; };
		FE9F0E9A250753B300D0A62A /* SecondData.m */ = {isa = PBXFileReference; fileEncoding = 4; lastKnownFileType = sourcecode.c.objc; path = SecondData.m; sourceTree = "<group>"; };
		FE9F0E9C250753B300D0A62A /* indexTitlesTableViewCell.xib */ = {isa = PBXFileReference; fileEncoding = 4; lastKnownFileType = file.xib; path = indexTitlesTableViewCell.xib; sourceTree = "<group>"; };
		FE9F0E9D250753B300D0A62A /* CityCollectionViewFlowLayout.h */ = {isa = PBXFileReference; fileEncoding = 4; lastKnownFileType = sourcecode.c.h; path = CityCollectionViewFlowLayout.h; sourceTree = "<group>"; };
		FE9F0E9E250753B300D0A62A /* CityCollectionViewCell.m */ = {isa = PBXFileReference; fileEncoding = 4; lastKnownFileType = sourcecode.c.objc; path = CityCollectionViewCell.m; sourceTree = "<group>"; };
		FE9F0E9F250753B300D0A62A /* indexTitlesTableViewCell.h */ = {isa = PBXFileReference; fileEncoding = 4; lastKnownFileType = sourcecode.c.h; path = indexTitlesTableViewCell.h; sourceTree = "<group>"; };
		FE9F0EA0250753B300D0A62A /* FoldCityTableViewCell.h */ = {isa = PBXFileReference; fileEncoding = 4; lastKnownFileType = sourcecode.c.h; path = FoldCityTableViewCell.h; sourceTree = "<group>"; };
		FE9F0EA2250753B300D0A62A /* SCIndexViewConfiguration.m */ = {isa = PBXFileReference; fileEncoding = 4; lastKnownFileType = sourcecode.c.objc; path = SCIndexViewConfiguration.m; sourceTree = "<group>"; };
		FE9F0EA3250753B300D0A62A /* UITableView+SCIndexView.h */ = {isa = PBXFileReference; fileEncoding = 4; lastKnownFileType = sourcecode.c.h; path = "UITableView+SCIndexView.h"; sourceTree = "<group>"; };
		FE9F0EA4250753B300D0A62A /* SCIndexView.m */ = {isa = PBXFileReference; fileEncoding = 4; lastKnownFileType = sourcecode.c.objc; path = SCIndexView.m; sourceTree = "<group>"; };
		FE9F0EA5250753B300D0A62A /* SCIndexViewConfiguration.h */ = {isa = PBXFileReference; fileEncoding = 4; lastKnownFileType = sourcecode.c.h; path = SCIndexViewConfiguration.h; sourceTree = "<group>"; };
		FE9F0EA6250753B300D0A62A /* UITableView+SCIndexView.m */ = {isa = PBXFileReference; fileEncoding = 4; lastKnownFileType = sourcecode.c.objc; path = "UITableView+SCIndexView.m"; sourceTree = "<group>"; };
		FE9F0EA7250753B300D0A62A /* SCIndexView.h */ = {isa = PBXFileReference; fileEncoding = 4; lastKnownFileType = sourcecode.c.h; path = SCIndexView.h; sourceTree = "<group>"; };
		FE9F0EA8250753B300D0A62A /* CityCollectionViewCell.h */ = {isa = PBXFileReference; fileEncoding = 4; lastKnownFileType = sourcecode.c.h; path = CityCollectionViewCell.h; sourceTree = "<group>"; };
		FE9F0EA9250753B300D0A62A /* FoldCityTableViewCell.xib */ = {isa = PBXFileReference; fileEncoding = 4; lastKnownFileType = file.xib; path = FoldCityTableViewCell.xib; sourceTree = "<group>"; };
		FE9F0EAA250753B300D0A62A /* CityCollectionViewFlowLayout.m */ = {isa = PBXFileReference; fileEncoding = 4; lastKnownFileType = sourcecode.c.objc; path = CityCollectionViewFlowLayout.m; sourceTree = "<group>"; };
		FE9F0EAB250753B300D0A62A /* CityCollectionViewCell.xib */ = {isa = PBXFileReference; fileEncoding = 4; lastKnownFileType = file.xib; path = CityCollectionViewCell.xib; sourceTree = "<group>"; };
		FE9F0EAC250753B300D0A62A /* FoldCityTableViewCell.m */ = {isa = PBXFileReference; fileEncoding = 4; lastKnownFileType = sourcecode.c.objc; path = FoldCityTableViewCell.m; sourceTree = "<group>"; };
		FE9F0EAD250753B300D0A62A /* indexTitlesTableViewCell.m */ = {isa = PBXFileReference; fileEncoding = 4; lastKnownFileType = sourcecode.c.objc; path = indexTitlesTableViewCell.m; sourceTree = "<group>"; };
/* End PBXFileReference section */

/* Begin PBXFrameworksBuildPhase section */
		CA4E901E20C631BA000DBB6B /* Frameworks */ = {
			isa = PBXFrameworksBuildPhase;
			buildActionMask = 2147483647;
			files = (
			);
			runOnlyForDeploymentPostprocessing = 0;
		};
		CA4E903620C631BD000DBB6B /* Frameworks */ = {
			isa = PBXFrameworksBuildPhase;
			buildActionMask = 2147483647;
			files = (
			);
			runOnlyForDeploymentPostprocessing = 0;
		};
		CA4E904120C631BD000DBB6B /* Frameworks */ = {
			isa = PBXFrameworksBuildPhase;
			buildActionMask = 2147483647;
			files = (
			);
			runOnlyForDeploymentPostprocessing = 0;
		};
/* End PBXFrameworksBuildPhase section */

/* Begin PBXGroup section */
		CA4E901820C631BA000DBB6B = {
			isa = PBXGroup;
			children = (
				CA4E902320C631BA000DBB6B /* 卡片效果 */,
				CA4E903C20C631BD000DBB6B /* 卡片效果Tests */,
				CA4E904720C631BD000DBB6B /* 卡片效果UITests */,
				CA4E902220C631BA000DBB6B /* Products */,
			);
			sourceTree = "<group>";
		};
		CA4E902220C631BA000DBB6B /* Products */ = {
			isa = PBXGroup;
			children = (
				CA4E902120C631BA000DBB6B /* 卡片效果.app */,
				CA4E903920C631BD000DBB6B /* 卡片效果Tests.xctest */,
				CA4E904420C631BD000DBB6B /* 卡片效果UITests.xctest */,
			);
			name = Products;
			sourceTree = "<group>";
		};
		CA4E902320C631BA000DBB6B /* 卡片效果 */ = {
			isa = PBXGroup;
			children = (
				FE9F0E93250753B300D0A62A /* FoldStyle */,
				FE9F0E4A2507343400D0A62A /* Other */,
				FE9F0E202507341600D0A62A /* AddressStyle */,
				FE9F0E2A2507341600D0A62A /* ListStyle */,
				FE9F0E362507341600D0A62A /* New Group */,
				FE9F0E1D2507334E00D0A62A /* Resourse */,
				CA4E902420C631BA000DBB6B /* AppDelegate.h */,
				CA4E902520C631BA000DBB6B /* AppDelegate.m */,
				CADB454A20C66F0000B9E36D /* slide */,
				CADB454020C66B8100B9E36D /* New Group */,
				CA4E902720C631BA000DBB6B /* ViewController.h */,
				CA4E902820C631BA000DBB6B /* ViewController.m */,
				CADB454F20C6726F00B9E36D /* UIView_extra.h */,
				CADB454E20C6726F00B9E36D /* UIView_extra.m */,
				CA4E906020C6351B000DBB6B /* 1.jpg */,
				CA4E906220C6351B000DBB6B /* 2.jpg */,
				CA4E906120C6351B000DBB6B /* 3.jpg */,
				CA4E902A20C631BA000DBB6B /* Main.storyboard */,
				CA4E902D20C631BD000DBB6B /* Assets.xcassets */,
				CA4E902F20C631BD000DBB6B /* LaunchScreen.storyboard */,
				CA4E903320C631BD000DBB6B /* main.m */,
			);
			path = "卡片效果";
			sourceTree = "<group>";
		};
		CA4E903C20C631BD000DBB6B /* 卡片效果Tests */ = {
			isa = PBXGroup;
			children = (
				CA4E903D20C631BD000DBB6B /* ____Tests.m */,
				CA4E903F20C631BD000DBB6B /* Info.plist */,
			);
			path = "卡片效果Tests";
			sourceTree = "<group>";
		};
		CA4E904720C631BD000DBB6B /* 卡片效果UITests */ = {
			isa = PBXGroup;
			children = (
				CA4E904820C631BD000DBB6B /* ____UITests.m */,
				CA4E904A20C631BD000DBB6B /* Info.plist */,
			);
			path = "卡片效果UITests";
			sourceTree = "<group>";
		};
		CADB454020C66B8100B9E36D /* New Group */ = {
			isa = PBXGroup;
			children = (
				CADB454120C66B8100B9E36D /* CustomSlideView.m */,
				CADB454220C66B8100B9E36D /* CardViewController.h */,
				CADB454320C66B8100B9E36D /* CardView.h */,
				CADB454420C66B8100B9E36D /* CardViewController.m */,
				CADB454520C66B8100B9E36D /* CustomSlideView.h */,
				CADB454620C66B8100B9E36D /* CardView.m */,
			);
			path = "New Group";
			sourceTree = "<group>";
		};
		CADB454A20C66F0000B9E36D /* slide */ = {
			isa = PBXGroup;
			children = (
				CADB454B20C6705300B9E36D /* SlideVC.h */,
				CADB454C20C6705300B9E36D /* SlideVC.m */,
			);
			path = slide;
			sourceTree = "<group>";
		};
		FE9F0E1D2507334E00D0A62A /* Resourse */ = {
			isa = PBXGroup;
			children = (
				FE9F0E1E2507336000D0A62A /* area.json */,
			);
			path = Resourse;
			sourceTree = "<group>";
		};
		FE9F0E202507341600D0A62A /* AddressStyle */ = {
			isa = PBXGroup;
			children = (
				FE9F0E212507341600D0A62A /* AddressCell.h */,
				FE9F0E222507341600D0A62A /* AddressListView.h */,
				FE9F0E232507341600D0A62A /* CityModel.m */,
				FE9F0E242507341600D0A62A /* AddressPickerView.h */,
				FE9F0E252507341600D0A62A /* AddressCell.xib */,
				FE9F0E262507341600D0A62A /* AddressCell.m */,
				FE9F0E272507341600D0A62A /* AddressListView.m */,
				FE9F0E282507341600D0A62A /* CityModel.h */,
				FE9F0E292507341600D0A62A /* AddressPickerView.m */,
			);
			path = AddressStyle;
			sourceTree = "<group>";
		};
		FE9F0E2A2507341600D0A62A /* ListStyle */ = {
			isa = PBXGroup;
			children = (
				FE9F0E2B2507341600D0A62A /* Controller */,
				FE9F0E312507341600D0A62A /* View */,
			);
			path = ListStyle;
			sourceTree = "<group>";
		};
		FE9F0E2B2507341600D0A62A /* Controller */ = {
			isa = PBXGroup;
			children = (
				FE9F0E2C2507341600D0A62A /* CityViewController.h */,
				FE9F0E2D2507341600D0A62A /* ResultCityController.h */,
				FE9F0E2E2507341600D0A62A /* CityViewController.xib */,
				FE9F0E2F2507341600D0A62A /* ResultCityController.m */,
				FE9F0E302507341600D0A62A /* CityViewController.m */,
			);
			path = Controller;
			sourceTree = "<group>";
		};
		FE9F0E312507341600D0A62A /* View */ = {
			isa = PBXGroup;
			children = (
				FE9F0E322507341600D0A62A /* CityTableViewCell.m */,
				FE9F0E332507341600D0A62A /* CustomSearchView.h */,
				FE9F0E342507341600D0A62A /* CityTableViewCell.h */,
				FE9F0E352507341600D0A62A /* CustomSearchView.m */,
			);
			path = View;
			sourceTree = "<group>";
		};
		FE9F0E362507341600D0A62A /* New Group */ = {
			isa = PBXGroup;
			children = (
				FE9F0E372507341600D0A62A /* CustomSlideView.m */,
				FE9F0E382507341600D0A62A /* CardViewController.h */,
				FE9F0E392507341600D0A62A /* CardView.h */,
				FE9F0E3A2507341600D0A62A /* CardViewController.m */,
				FE9F0E3B2507341600D0A62A /* CustomSlideView.h */,
				FE9F0E3C2507341600D0A62A /* CardView.m */,
			);
			path = "New Group";
			sourceTree = "<group>";
		};
		FE9F0E4A2507343400D0A62A /* Other */ = {
			isa = PBXGroup;
			children = (
				FE9F0E4B2507343400D0A62A /* SystemLocationTool.m */,
				FE9F0E4C2507343400D0A62A /* Header.h */,
				FE9F0E4D2507343400D0A62A /* BMChineseSort.h */,
				FE9F0E7B2507343400D0A62A /* UIView+Frame.h */,
				FE9F0E4E2507343400D0A62A /* UIView+Frame.m */,
				FE9F0E4F2507343400D0A62A /* UIButton+Category.m */,
				FE9F0E502507343400D0A62A /* Masonry */,
				FE9F0E6F2507343400D0A62A /* UIColor+HexString.h */,
				FE9F0E702507343400D0A62A /* NSString+Size.h */,
				FE9F0E712507343400D0A62A /* YYModel */,
				FE9F0E772507343400D0A62A /* SystemLocationTool.h */,
				FE9F0E782507343400D0A62A /* BMChineseSort.m */,
				FE9F0E792507343400D0A62A /* UIButton+Category.h */,
				FE9F0E7A2507343400D0A62A /* PrefixHeader.pch */,
				FE9F0E7C2507343400D0A62A /* NSString+Size.m */,
				FE9F0E7D2507343400D0A62A /* UIColor+HexString.m */,
			);
			path = Other;
			sourceTree = "<group>";
		};
		FE9F0E502507343400D0A62A /* Masonry */ = {
			isa = PBXGroup;
			children = (
				FE9F0E512507343400D0A62A /* MASCompositeConstraint.h */,
				FE9F0E522507343400D0A62A /* NSLayoutConstraint+MASDebugAdditions.m */,
				FE9F0E532507343400D0A62A /* MASConstraint+Private.h */,
				FE9F0E542507343400D0A62A /* MASLayoutConstraint.h */,
				FE9F0E552507343400D0A62A /* NSArray+MASShorthandAdditions.h */,
				FE9F0E562507343400D0A62A /* MASConstraintMaker.h */,
				FE9F0E572507343400D0A62A /* MMLabel.m */,
				FE9F0E582507343400D0A62A /* myView.h */,
				FE9F0E592507343400D0A62A /* View+MASAdditions.h */,
				FE9F0E5A2507343400D0A62A /* NSArray+MASAdditions.h */,
				FE9F0E5B2507343400D0A62A /* MASUtilities.h */,
				FE9F0E5C2507343400D0A62A /* MASViewAttribute.h */,
				FE9F0E5D2507343400D0A62A /* ViewController+MASAdditions.m */,
				FE9F0E5E2507343400D0A62A /* MASViewConstraint.h */,
				FE9F0E5F2507343400D0A62A /* MASConstraint.h */,
				FE9F0E602507343400D0A62A /* NSLayoutConstraint+MASDebugAdditions.h */,
				FE9F0E612507343400D0A62A /* MASCompositeConstraint.m */,
				FE9F0E622507343400D0A62A /* MASConstraintMaker.m */,
				FE9F0E632507343400D0A62A /* MASLayoutConstraint.m */,
				FE9F0E642507343400D0A62A /* NSArray+MASAdditions.m */,
				FE9F0E652507343400D0A62A /* View+MASAdditions.m */,
				FE9F0E662507343400D0A62A /* View+MASShorthandAdditions.h */,
				FE9F0E672507343400D0A62A /* myView.m */,
				FE9F0E682507343400D0A62A /* Masonry.h */,
				FE9F0E692507343400D0A62A /* MMLabel.h */,
				FE9F0E6A2507343400D0A62A /* MASConstraint.m */,
				FE9F0E6B2507343400D0A62A /* ViewController+MASAdditions.h */,
				FE9F0E6C2507343400D0A62A /* MASViewConstraint.m */,
				FE9F0E6D2507343400D0A62A /* MASViewAttribute.m */,
			);
			path = Masonry;
			sourceTree = "<group>";
		};
		FE9F0E712507343400D0A62A /* YYModel */ = {
			isa = PBXGroup;
			children = (
				FE9F0E722507343400D0A62A /* YYClassInfo.h */,
				FE9F0E732507343400D0A62A /* YYModel.h */,
				FE9F0E742507343400D0A62A /* NSObject+YYModel.m */,
				FE9F0E752507343400D0A62A /* YYClassInfo.m */,
				FE9F0E762507343400D0A62A /* NSObject+YYModel.h */,
			);
			path = YYModel;
			sourceTree = "<group>";
		};
		FE9F0E93250753B300D0A62A /* FoldStyle */ = {
			isa = PBXGroup;
			children = (
				FE9F0E94250753B300D0A62A /* Controller */,
				FE9F0E98250753B300D0A62A /* Model */,
				FE9F0E9B250753B300D0A62A /* View */,
			);
			path = FoldStyle;
			sourceTree = "<group>";
		};
		FE9F0E94250753B300D0A62A /* Controller */ = {
			isa = PBXGroup;
			children = (
				FE9F0E95250753B300D0A62A /* FoldCityViewController.h */,
				FE9F0E96250753B300D0A62A /* FoldCityViewController.xib */,
				FE9F0E97250753B300D0A62A /* FoldCityViewController.m */,
			);
			path = Controller;
			sourceTree = "<group>";
		};
		FE9F0E98250753B300D0A62A /* Model */ = {
			isa = PBXGroup;
			children = (
				FE9F0E99250753B300D0A62A /* SecondData.h */,
				FE9F0E9A250753B300D0A62A /* SecondData.m */,
			);
			path = Model;
			sourceTree = "<group>";
		};
		FE9F0E9B250753B300D0A62A /* View */ = {
			isa = PBXGroup;
			children = (
				FE9F0E9C250753B300D0A62A /* indexTitlesTableViewCell.xib */,
				FE9F0E9D250753B300D0A62A /* CityCollectionViewFlowLayout.h */,
				FE9F0E9E250753B300D0A62A /* CityCollectionViewCell.m */,
				FE9F0E9F250753B300D0A62A /* indexTitlesTableViewCell.h */,
				FE9F0EA0250753B300D0A62A /* FoldCityTableViewCell.h */,
				FE9F0EA1250753B300D0A62A /* SCIndexView */,
				FE9F0EA8250753B300D0A62A /* CityCollectionViewCell.h */,
				FE9F0EA9250753B300D0A62A /* FoldCityTableViewCell.xib */,
				FE9F0EAA250753B300D0A62A /* CityCollectionViewFlowLayout.m */,
				FE9F0EAB250753B300D0A62A /* CityCollectionViewCell.xib */,
				FE9F0EAC250753B300D0A62A /* FoldCityTableViewCell.m */,
				FE9F0EAD250753B300D0A62A /* indexTitlesTableViewCell.m */,
			);
			path = View;
			sourceTree = "<group>";
		};
		FE9F0EA1250753B300D0A62A /* SCIndexView */ = {
			isa = PBXGroup;
			children = (
				FE9F0EA2250753B300D0A62A /* SCIndexViewConfiguration.m */,
				FE9F0EA3250753B300D0A62A /* UITableView+SCIndexView.h */,
				FE9F0EA4250753B300D0A62A /* SCIndexView.m */,
				FE9F0EA5250753B300D0A62A /* SCIndexViewConfiguration.h */,
				FE9F0EA6250753B300D0A62A /* UITableView+SCIndexView.m */,
				FE9F0EA7250753B300D0A62A /* SCIndexView.h */,
			);
			path = SCIndexView;
			sourceTree = "<group>";
		};
/* End PBXGroup section */

/* Begin PBXNativeTarget section */
		CA4E902020C631BA000DBB6B /* 卡片效果 */ = {
			isa = PBXNativeTarget;
			buildConfigurationList = CA4E904D20C631BD000DBB6B /* Build configuration list for PBXNativeTarget "卡片效果" */;
			buildPhases = (
				CA4E901D20C631BA000DBB6B /* Sources */,
				CA4E901E20C631BA000DBB6B /* Frameworks */,
				CA4E901F20C631BA000DBB6B /* Resources */,
			);
			buildRules = (
			);
			dependencies = (
			);
			name = "卡片效果";
			productName = "卡片效果";
			productReference = CA4E902120C631BA000DBB6B /* 卡片效果.app */;
			productType = "com.apple.product-type.application";
		};
		CA4E903820C631BD000DBB6B /* 卡片效果Tests */ = {
			isa = PBXNativeTarget;
			buildConfigurationList = CA4E905020C631BD000DBB6B /* Build configuration list for PBXNativeTarget "卡片效果Tests" */;
			buildPhases = (
				CA4E903520C631BD000DBB6B /* Sources */,
				CA4E903620C631BD000DBB6B /* Frameworks */,
				CA4E903720C631BD000DBB6B /* Resources */,
			);
			buildRules = (
			);
			dependencies = (
				CA4E903B20C631BD000DBB6B /* PBXTargetDependency */,
			);
			name = "卡片效果Tests";
			productName = "卡片效果Tests";
			productReference = CA4E903920C631BD000DBB6B /* 卡片效果Tests.xctest */;
			productType = "com.apple.product-type.bundle.unit-test";
		};
		CA4E904320C631BD000DBB6B /* 卡片效果UITests */ = {
			isa = PBXNativeTarget;
			buildConfigurationList = CA4E905320C631BD000DBB6B /* Build configuration list for PBXNativeTarget "卡片效果UITests" */;
			buildPhases = (
				CA4E904020C631BD000DBB6B /* Sources */,
				CA4E904120C631BD000DBB6B /* Frameworks */,
				CA4E904220C631BD000DBB6B /* Resources */,
			);
			buildRules = (
			);
			dependencies = (
				CA4E904620C631BD000DBB6B /* PBXTargetDependency */,
			);
			name = "卡片效果UITests";
			productName = "卡片效果UITests";
			productReference = CA4E904420C631BD000DBB6B /* 卡片效果UITests.xctest */;
			productType = "com.apple.product-type.bundle.ui-testing";
		};
/* End PBXNativeTarget section */

/* Begin PBXProject section */
		CA4E901920C631BA000DBB6B /* Project object */ = {
			isa = PBXProject;
			attributes = {
				LastUpgradeCheck = 0940;
				ORGANIZATIONNAME = CES;
				TargetAttributes = {
					CA4E902020C631BA000DBB6B = {
						CreatedOnToolsVersion = 9.4;
					};
					CA4E903820C631BD000DBB6B = {
						CreatedOnToolsVersion = 9.4;
						TestTargetID = CA4E902020C631BA000DBB6B;
					};
					CA4E904320C631BD000DBB6B = {
						CreatedOnToolsVersion = 9.4;
						TestTargetID = CA4E902020C631BA000DBB6B;
					};
				};
			};
			buildConfigurationList = CA4E901C20C631BA000DBB6B /* Build configuration list for PBXProject "卡片效果" */;
			compatibilityVersion = "Xcode 9.3";
			developmentRegion = en;
			hasScannedForEncodings = 0;
			knownRegions = (
				en,
				Base,
			);
			mainGroup = CA4E901820C631BA000DBB6B;
			productRefGroup = CA4E902220C631BA000DBB6B /* Products */;
			projectDirPath = "";
			projectRoot = "";
			targets = (
				CA4E902020C631BA000DBB6B /* 卡片效果 */,
				CA4E903820C631BD000DBB6B /* 卡片效果Tests */,
				CA4E904320C631BD000DBB6B /* 卡片效果UITests */,
			);
		};
/* End PBXProject section */

/* Begin PBXResourcesBuildPhase section */
		CA4E901F20C631BA000DBB6B /* Resources */ = {
			isa = PBXResourcesBuildPhase;
			buildActionMask = 2147483647;
			files = (
				FE9F0EAE250753B300D0A62A /* FoldCityViewController.xib in Resources */,
				CA4E906420C6351B000DBB6B /* 3.jpg in Resources */,
				CA4E903120C631BD000DBB6B /* LaunchScreen.storyboard in Resources */,
				CA4E906520C6351B000DBB6B /* 2.jpg in Resources */,
				FE9F0EB1250753B300D0A62A /* indexTitlesTableViewCell.xib in Resources */,
				FE9F0E1F2507336000D0A62A /* area.json in Resources */,
				CA4E906320C6351B000DBB6B /* 1.jpg in Resources */,
				FE9F0EB6250753B300D0A62A /* FoldCityTableViewCell.xib in Resources */,
				CA4E902E20C631BD000DBB6B /* Assets.xcassets in Resources */,
				FE9F0E422507341600D0A62A /* CityViewController.xib in Resources */,
				FE9F0EB8250753B300D0A62A /* CityCollectionViewCell.xib in Resources */,
				FE9F0E3E2507341600D0A62A /* AddressCell.xib in Resources */,
				CA4E902C20C631BA000DBB6B /* Main.storyboard in Resources */,
			);
			runOnlyForDeploymentPostprocessing = 0;
		};
		CA4E903720C631BD000DBB6B /* Resources */ = {
			isa = PBXResourcesBuildPhase;
			buildActionMask = 2147483647;
			files = (
			);
			runOnlyForDeploymentPostprocessing = 0;
		};
		CA4E904220C631BD000DBB6B /* Resources */ = {
			isa = PBXResourcesBuildPhase;
			buildActionMask = 2147483647;
			files = (
			);
			runOnlyForDeploymentPostprocessing = 0;
		};
/* End PBXResourcesBuildPhase section */

/* Begin PBXSourcesBuildPhase section */
		CA4E901D20C631BA000DBB6B /* Sources */ = {
			isa = PBXSourcesBuildPhase;
			buildActionMask = 2147483647;
			files = (
				CADB454920C66B8100B9E36D /* CardView.m in Sources */,
				FE9F0EB7250753B300D0A62A /* CityCollectionViewFlowLayout.m in Sources */,
				FE9F0EB4250753B300D0A62A /* SCIndexView.m in Sources */,
				FE9F0E3D2507341600D0A62A /* CityModel.m in Sources */,
				FE9F0E3F2507341600D0A62A /* AddressCell.m in Sources */,
				FE9F0E7F2507343400D0A62A /* UIView+Frame.m in Sources */,
				FE9F0EB0250753B300D0A62A /* SecondData.m in Sources */,
				FE9F0E842507343400D0A62A /* MASCompositeConstraint.m in Sources */,
				FE9F0E442507341600D0A62A /* CityViewController.m in Sources */,
				CADB454820C66B8100B9E36D /* CardViewController.m in Sources */,
				FE9F0E872507343400D0A62A /* NSArray+MASAdditions.m in Sources */,
				FE9F0E902507343400D0A62A /* BMChineseSort.m in Sources */,
				FE9F0EB9250753B300D0A62A /* FoldCityTableViewCell.m in Sources */,
				FE9F0E882507343400D0A62A /* View+MASAdditions.m in Sources */,
				FE9F0E912507343400D0A62A /* NSString+Size.m in Sources */,
				FE9F0E452507341600D0A62A /* CityTableViewCell.m in Sources */,
				FE9F0E922507343400D0A62A /* UIColor+HexString.m in Sources */,
				FE9F0E812507343400D0A62A /* NSLayoutConstraint+MASDebugAdditions.m in Sources */,
				CADB454D20C6705300B9E36D /* SlideVC.m in Sources */,
				FE9F0E8B2507343400D0A62A /* MASViewConstraint.m in Sources */,
				FE9F0EAF250753B300D0A62A /* FoldCityViewController.m in Sources */,
				FE9F0EBA250753B300D0A62A /* indexTitlesTableViewCell.m in Sources */,
				FE9F0E412507341600D0A62A /* AddressPickerView.m in Sources */,
				FE9F0E802507343400D0A62A /* UIButton+Category.m in Sources */,
				FE9F0E892507343400D0A62A /* myView.m in Sources */,
				FE9F0E8F2507343400D0A62A /* YYClassInfo.m in Sources */,
				FE9F0E8E2507343400D0A62A /* NSObject+YYModel.m in Sources */,
				FE9F0E832507343400D0A62A /* ViewController+MASAdditions.m in Sources */,
				FE9F0E8A2507343400D0A62A /* MASConstraint.m in Sources */,
				CA4E902920C631BA000DBB6B /* ViewController.m in Sources */,
				FE9F0E852507343400D0A62A /* MASConstraintMaker.m in Sources */,
				FE9F0E492507341600D0A62A /* CardView.m in Sources */,
				FE9F0E8C2507343400D0A62A /* MASViewAttribute.m in Sources */,
				FE9F0E462507341600D0A62A /* CustomSearchView.m in Sources */,
				FE9F0E7E2507343400D0A62A /* SystemLocationTool.m in Sources */,
				FE9F0EB3250753B300D0A62A /* SCIndexViewConfiguration.m in Sources */,
				FE9F0EB5250753B300D0A62A /* UITableView+SCIndexView.m in Sources */,
				FE9F0EB2250753B300D0A62A /* CityCollectionViewCell.m in Sources */,
				FE9F0E402507341600D0A62A /* AddressListView.m in Sources */,
				CA4E903420C631BD000DBB6B /* main.m in Sources */,
				FE9F0E472507341600D0A62A /* CustomSlideView.m in Sources */,
				CADB455020C6726F00B9E36D /* UIView_extra.m in Sources */,
				FE9F0E482507341600D0A62A /* CardViewController.m in Sources */,
				FE9F0E432507341600D0A62A /* ResultCityController.m in Sources */,
				FE9F0E862507343400D0A62A /* MASLayoutConstraint.m in Sources */,
				CA4E902620C631BA000DBB6B /* AppDelegate.m in Sources */,
				FE9F0E822507343400D0A62A /* MMLabel.m in Sources */,
				CADB454720C66B8100B9E36D /* CustomSlideView.m in Sources */,
			);
			runOnlyForDeploymentPostprocessing = 0;
		};
		CA4E903520C631BD000DBB6B /* Sources */ = {
			isa = PBXSourcesBuildPhase;
			buildActionMask = 2147483647;
			files = (
				CA4E903E20C631BD000DBB6B /* ____Tests.m in Sources */,
			);
			runOnlyForDeploymentPostprocessing = 0;
		};
		CA4E904020C631BD000DBB6B /* Sources */ = {
			isa = PBXSourcesBuildPhase;
			buildActionMask = 2147483647;
			files = (
				CA4E904920C631BD000DBB6B /* ____UITests.m in Sources */,
			);
			runOnlyForDeploymentPostprocessing = 0;
		};
/* End PBXSourcesBuildPhase section */

/* Begin PBXTargetDependency section */
		CA4E903B20C631BD000DBB6B /* PBXTargetDependency */ = {
			isa = PBXTargetDependency;
			target = CA4E902020C631BA000DBB6B /* 卡片效果 */;
			targetProxy = CA4E903A20C631BD000DBB6B /* PBXContainerItemProxy */;
		};
		CA4E904620C631BD000DBB6B /* PBXTargetDependency */ = {
			isa = PBXTargetDependency;
			target = CA4E902020C631BA000DBB6B /* 卡片效果 */;
			targetProxy = CA4E904520C631BD000DBB6B /* PBXContainerItemProxy */;
		};
/* End PBXTargetDependency section */

/* Begin PBXVariantGroup section */
		CA4E902A20C631BA000DBB6B /* Main.storyboard */ = {
			isa = PBXVariantGroup;
			children = (
				CA4E902B20C631BA000DBB6B /* Base */,
			);
			name = Main.storyboard;
			sourceTree = "<group>";
		};
		CA4E902F20C631BD000DBB6B /* LaunchScreen.storyboard */ = {
			isa = PBXVariantGroup;
			children = (
				CA4E903020C631BD000DBB6B /* Base */,
			);
			name = LaunchScreen.storyboard;
			sourceTree = "<group>";
		};
/* End PBXVariantGroup section */

/* Begin XCBuildConfiguration section */
		CA4E904B20C631BD000DBB6B /* Debug */ = {
			isa = XCBuildConfiguration;
			buildSettings = {
				ALWAYS_SEARCH_USER_PATHS = NO;
				CLANG_ANALYZER_NONNULL = YES;
				CLANG_ANALYZER_NUMBER_OBJECT_CONVERSION = YES_AGGRESSIVE;
				CLANG_CXX_LANGUAGE_STANDARD = "gnu++14";
				CLANG_CXX_LIBRARY = "libc++";
				CLANG_ENABLE_MODULES = YES;
				CLANG_ENABLE_OBJC_ARC = YES;
				CLANG_ENABLE_OBJC_WEAK = YES;
				CLANG_WARN_BLOCK_CAPTURE_AUTORELEASING = YES;
				CLANG_WARN_BOOL_CONVERSION = YES;
				CLANG_WARN_COMMA = YES;
				CLANG_WARN_CONSTANT_CONVERSION = YES;
				CLANG_WARN_DEPRECATED_OBJC_IMPLEMENTATIONS = YES;
				CLANG_WARN_DIRECT_OBJC_ISA_USAGE = YES_ERROR;
				CLANG_WARN_DOCUMENTATION_COMMENTS = YES;
				CLANG_WARN_EMPTY_BODY = YES;
				CLANG_WARN_ENUM_CONVERSION = YES;
				CLANG_WARN_INFINITE_RECURSION = YES;
				CLANG_WARN_INT_CONVERSION = YES;
				CLANG_WARN_NON_LITERAL_NULL_CONVERSION = YES;
				CLANG_WARN_OBJC_IMPLICIT_RETAIN_SELF = YES;
				CLANG_WARN_OBJC_LITERAL_CONVERSION = YES;
				CLANG_WARN_OBJC_ROOT_CLASS = YES_ERROR;
				CLANG_WARN_RANGE_LOOP_ANALYSIS = YES;
				CLANG_WARN_STRICT_PROTOTYPES = YES;
				CLANG_WARN_SUSPICIOUS_MOVE = YES;
				CLANG_WARN_UNGUARDED_AVAILABILITY = YES_AGGRESSIVE;
				CLANG_WARN_UNREACHABLE_CODE = YES;
				CLANG_WARN__DUPLICATE_METHOD_MATCH = YES;
				CODE_SIGN_IDENTITY = "iPhone Developer";
				COPY_PHASE_STRIP = NO;
				DEBUG_INFORMATION_FORMAT = dwarf;
				ENABLE_STRICT_OBJC_MSGSEND = YES;
				ENABLE_TESTABILITY = YES;
				GCC_C_LANGUAGE_STANDARD = gnu11;
				GCC_DYNAMIC_NO_PIC = NO;
				GCC_NO_COMMON_BLOCKS = YES;
				GCC_OPTIMIZATION_LEVEL = 0;
				GCC_PREPROCESSOR_DEFINITIONS = (
					"DEBUG=1",
					"$(inherited)",
				);
				GCC_WARN_64_TO_32_BIT_CONVERSION = YES;
				GCC_WARN_ABOUT_RETURN_TYPE = YES_ERROR;
				GCC_WARN_UNDECLARED_SELECTOR = YES;
				GCC_WARN_UNINITIALIZED_AUTOS = YES_AGGRESSIVE;
				GCC_WARN_UNUSED_FUNCTION = YES;
				GCC_WARN_UNUSED_VARIABLE = YES;
				IPHONEOS_DEPLOYMENT_TARGET = 11.4;
				MTL_ENABLE_DEBUG_INFO = YES;
				ONLY_ACTIVE_ARCH = YES;
				SDKROOT = iphoneos;
			};
			name = Debug;
		};
		CA4E904C20C631BD000DBB6B /* Release */ = {
			isa = XCBuildConfiguration;
			buildSettings = {
				ALWAYS_SEARCH_USER_PATHS = NO;
				CLANG_ANALYZER_NONNULL = YES;
				CLANG_ANALYZER_NUMBER_OBJECT_CONVERSION = YES_AGGRESSIVE;
				CLANG_CXX_LANGUAGE_STANDARD = "gnu++14";
				CLANG_CXX_LIBRARY = "libc++";
				CLANG_ENABLE_MODULES = YES;
				CLANG_ENABLE_OBJC_ARC = YES;
				CLANG_ENABLE_OBJC_WEAK = YES;
				CLANG_WARN_BLOCK_CAPTURE_AUTORELEASING = YES;
				CLANG_WARN_BOOL_CONVERSION = YES;
				CLANG_WARN_COMMA = YES;
				CLANG_WARN_CONSTANT_CONVERSION = YES;
				CLANG_WARN_DEPRECATED_OBJC_IMPLEMENTATIONS = YES;
				CLANG_WARN_DIRECT_OBJC_ISA_USAGE = YES_ERROR;
				CLANG_WARN_DOCUMENTATION_COMMENTS = YES;
				CLANG_WARN_EMPTY_BODY = YES;
				CLANG_WARN_ENUM_CONVERSION = YES;
				CLANG_WARN_INFINITE_RECURSION = YES;
				CLANG_WARN_INT_CONVERSION = YES;
				CLANG_WARN_NON_LITERAL_NULL_CONVERSION = YES;
				CLANG_WARN_OBJC_IMPLICIT_RETAIN_SELF = YES;
				CLANG_WARN_OBJC_LITERAL_CONVERSION = YES;
				CLANG_WARN_OBJC_ROOT_CLASS = YES_ERROR;
				CLANG_WARN_RANGE_LOOP_ANALYSIS = YES;
				CLANG_WARN_STRICT_PROTOTYPES = YES;
				CLANG_WARN_SUSPICIOUS_MOVE = YES;
				CLANG_WARN_UNGUARDED_AVAILABILITY = YES_AGGRESSIVE;
				CLANG_WARN_UNREACHABLE_CODE = YES;
				CLANG_WARN__DUPLICATE_METHOD_MATCH = YES;
				CODE_SIGN_IDENTITY = "iPhone Developer";
				COPY_PHASE_STRIP = NO;
				DEBUG_INFORMATION_FORMAT = "dwarf-with-dsym";
				ENABLE_NS_ASSERTIONS = NO;
				ENABLE_STRICT_OBJC_MSGSEND = YES;
				GCC_C_LANGUAGE_STANDARD = gnu11;
				GCC_NO_COMMON_BLOCKS = YES;
				GCC_WARN_64_TO_32_BIT_CONVERSION = YES;
				GCC_WARN_ABOUT_RETURN_TYPE = YES_ERROR;
				GCC_WARN_UNDECLARED_SELECTOR = YES;
				GCC_WARN_UNINITIALIZED_AUTOS = YES_AGGRESSIVE;
				GCC_WARN_UNUSED_FUNCTION = YES;
				GCC_WARN_UNUSED_VARIABLE = YES;
				IPHONEOS_DEPLOYMENT_TARGET = 11.4;
				MTL_ENABLE_DEBUG_INFO = NO;
				SDKROOT = iphoneos;
				VALIDATE_PRODUCT = YES;
			};
			name = Release;
		};
		CA4E904E20C631BD000DBB6B /* Debug */ = {
			isa = XCBuildConfiguration;
			buildSettings = {
				ASSETCATALOG_COMPILER_APPICON_NAME = AppIcon;
				CODE_SIGN_STYLE = Automatic;
				GCC_PREFIX_HEADER = "$(SRCROOT)/卡片效果/Other/PrefixHeader.pch";
				INFOPLIST_FILE = "卡片效果/Info.plist";
				LD_RUNPATH_SEARCH_PATHS = (
					"$(inherited)",
					"@executable_path/Frameworks",
				);
				PRODUCT_BUNDLE_IDENTIFIER = "com.myking.www.----";
				PRODUCT_NAME = "$(TARGET_NAME)";
				TARGETED_DEVICE_FAMILY = "1,2";
			};
			name = Debug;
		};
		CA4E904F20C631BD000DBB6B /* Release */ = {
			isa = XCBuildConfiguration;
			buildSettings = {
				ASSETCATALOG_COMPILER_APPICON_NAME = AppIcon;
				CODE_SIGN_STYLE = Automatic;
				GCC_PREFIX_HEADER = "$(SRCROOT)/卡片效果/Other/PrefixHeader.pch";
				INFOPLIST_FILE = "卡片效果/Info.plist";
				LD_RUNPATH_SEARCH_PATHS = (
					"$(inherited)",
					"@executable_path/Frameworks",
				);
				PRODUCT_BUNDLE_IDENTIFIER = "com.myking.www.----";
				PRODUCT_NAME = "$(TARGET_NAME)";
				TARGETED_DEVICE_FAMILY = "1,2";
			};
			name = Release;
		};
		CA4E905120C631BD000DBB6B /* Debug */ = {
			isa = XCBuildConfiguration;
			buildSettings = {
				BUNDLE_LOADER = "$(TEST_HOST)";
				CODE_SIGN_STYLE = Automatic;
				INFOPLIST_FILE = "卡片效果Tests/Info.plist";
				LD_RUNPATH_SEARCH_PATHS = (
					"$(inherited)",
					"@executable_path/Frameworks",
					"@loader_path/Frameworks",
				);
				PRODUCT_BUNDLE_IDENTIFIER = "com.myking.www.----Tests";
				PRODUCT_NAME = "$(TARGET_NAME)";
				TARGETED_DEVICE_FAMILY = "1,2";
				TEST_HOST = "$(BUILT_PRODUCTS_DIR)/卡片效果.app/卡片效果";
			};
			name = Debug;
		};
		CA4E905220C631BD000DBB6B /* Release */ = {
			isa = XCBuildConfiguration;
			buildSettings = {
				BUNDLE_LOADER = "$(TEST_HOST)";
				CODE_SIGN_STYLE = Automatic;
				INFOPLIST_FILE = "卡片效果Tests/Info.plist";
				LD_RUNPATH_SEARCH_PATHS = (
					"$(inherited)",
					"@executable_path/Frameworks",
					"@loader_path/Frameworks",
				);
				PRODUCT_BUNDLE_IDENTIFIER = "com.myking.www.----Tests";
				PRODUCT_NAME = "$(TARGET_NAME)";
				TARGETED_DEVICE_FAMILY = "1,2";
				TEST_HOST = "$(BUILT_PRODUCTS_DIR)/卡片效果.app/卡片效果";
			};
			name = Release;
		};
		CA4E905420C631BD000DBB6B /* Debug */ = {
			isa = XCBuildConfiguration;
			buildSettings = {
				CODE_SIGN_STYLE = Automatic;
				INFOPLIST_FILE = "卡片效果UITests/Info.plist";
				LD_RUNPATH_SEARCH_PATHS = (
					"$(inherited)",
					"@executable_path/Frameworks",
					"@loader_path/Frameworks",
				);
				PRODUCT_BUNDLE_IDENTIFIER = "com.myking.www.----UITests";
				PRODUCT_NAME = "$(TARGET_NAME)";
				TARGETED_DEVICE_FAMILY = "1,2";
				TEST_TARGET_NAME = "卡片效果";
			};
			name = Debug;
		};
		CA4E905520C631BD000DBB6B /* Release */ = {
			isa = XCBuildConfiguration;
			buildSettings = {
				CODE_SIGN_STYLE = Automatic;
				INFOPLIST_FILE = "卡片效果UITests/Info.plist";
				LD_RUNPATH_SEARCH_PATHS = (
					"$(inherited)",
					"@executable_path/Frameworks",
					"@loader_path/Frameworks",
				);
				PRODUCT_BUNDLE_IDENTIFIER = "com.myking.www.----UITests";
				PRODUCT_NAME = "$(TARGET_NAME)";
				TARGETED_DEVICE_FAMILY = "1,2";
				TEST_TARGET_NAME = "卡片效果";
			};
			name = Release;
		};
/* End XCBuildConfiguration section */

/* Begin XCConfigurationList section */
		CA4E901C20C631BA000DBB6B /* Build configuration list for PBXProject "卡片效果" */ = {
			isa = XCConfigurationList;
			buildConfigurations = (
				CA4E904B20C631BD000DBB6B /* Debug */,
				CA4E904C20C631BD000DBB6B /* Release */,
			);
			defaultConfigurationIsVisible = 0;
			defaultConfigurationName = Release;
		};
		CA4E904D20C631BD000DBB6B /* Build configuration list for PBXNativeTarget "卡片效果" */ = {
			isa = XCConfigurationList;
			buildConfigurations = (
				CA4E904E20C631BD000DBB6B /* Debug */,
				CA4E904F20C631BD000DBB6B /* Release */,
			);
			defaultConfigurationIsVisible = 0;
			defaultConfigurationName = Release;
		};
		CA4E905020C631BD000DBB6B /* Build configuration list for PBXNativeTarget "卡片效果Tests" */ = {
			isa = XCConfigurationList;
			buildConfigurations = (
				CA4E905120C631BD000DBB6B /* Debug */,
				CA4E905220C631BD000DBB6B /* Release */,
			);
			defaultConfigurationIsVisible = 0;
			defaultConfigurationName = Release;
		};
		CA4E905320C631BD000DBB6B /* Build configuration list for PBXNativeTarget "卡片效果UITests" */ = {
			isa = XCConfigurationList;
			buildConfigurations = (
				CA4E905420C631BD000DBB6B /* Debug */,
				CA4E905520C631BD000DBB6B /* Release */,
			);
			defaultConfigurationIsVisible = 0;
			defaultConfigurationName = Release;
		};
/* End XCConfigurationList section */
	};
	rootObject = CA4E901920C631BA000DBB6B /* Project object */;
}
